// !$*UTF8*$!
{
	archiveVersion = 1;
	classes = {
	};
	objectVersion = 56;
	objects = {

/* Begin PBXBuildFile section */
		A10000000000000000000001 /* IPCAManualReaderApp.swift in Sources */ = {isa = PBXBuildFile; fileRef = A20000000000000000000001 /* IPCAManualReaderApp.swift */; };
		A10000000000000000000002 /* ManualReaderModels.swift in Sources */ = {isa = PBXBuildFile; fileRef = A20000000000000000000002 /* ManualReaderModels.swift */; };
		A10000000000000000000003 /* ManualReaderAPIClient.swift in Sources */ = {isa = PBXBuildFile; fileRef = A20000000000000000000003 /* ManualReaderAPIClient.swift */; };
		A10000000000000000000004 /* ManualReaderSessionStore.swift in Sources */ = {isa = PBXBuildFile; fileRef = A20000000000000000000004 /* ManualReaderSessionStore.swift */; };
		A10000000000000000000005 /* PageCache.swift in Sources */ = {isa = PBXBuildFile; fileRef = A20000000000000000000005 /* PageCache.swift */; };
		A10000000000000000000006 /* ReaderViewModels.swift in Sources */ = {isa = PBXBuildFile; fileRef = A20000000000000000000006 /* ReaderViewModels.swift */; };
		A10000000000000000000007 /* IPCAReaderTheme.swift in Sources */ = {isa = PBXBuildFile; fileRef = A20000000000000000000007 /* IPCAReaderTheme.swift */; };
		A10000000000000000000008 /* ManualPageWebView.swift in Sources */ = {isa = PBXBuildFile; fileRef = A20000000000000000000008 /* ManualPageWebView.swift */; };
		A10000000000000000000009 /* LoginView.swift in Sources */ = {isa = PBXBuildFile; fileRef = A20000000000000000000009 /* LoginView.swift */; };
		A1000000000000000000000A /* LibraryView.swift in Sources */ = {isa = PBXBuildFile; fileRef = A2000000000000000000000A /* LibraryView.swift */; };
		A1000000000000000000000B /* ReaderView.swift in Sources */ = {isa = PBXBuildFile; fileRef = A2000000000000000000000B /* ReaderView.swift */; };
		A1000000000000000000000C /* ContentView.swift in Sources */ = {isa = PBXBuildFile; fileRef = A2000000000000000000000C /* ContentView.swift */; };
		A1000000000000000000000E /* UIKitTextField.swift in Sources */ = {isa = PBXBuildFile; fileRef = A20000000000000000000010 /* UIKitTextField.swift */; };
		A1000000000000000000000F /* LoginFormViewController.swift in Sources */ = {isa = PBXBuildFile; fileRef = A20000000000000000000011 /* LoginFormViewController.swift */; };
		A10000000000000000000010 /* BookPageCurlView.swift in Sources */ = {isa = PBXBuildFile; fileRef = A20000000000000000000012 /* BookPageCurlView.swift */; };
		A10000000000000000000011 /* HTMLPaginationEngine.swift in Sources */ = {isa = PBXBuildFile; fileRef = A20000000000000000000013 /* HTMLPaginationEngine.swift */; };
		A10000000000000000000012 /* ReaderPaginationModels.swift in Sources */ = {isa = PBXBuildFile; fileRef = A20000000000000000000014 /* ReaderPaginationModels.swift */; };
		A10000000000000000000013 /* ReaderPaginationCore.js in Resources */ = {isa = PBXBuildFile; fileRef = A20000000000000000000015 /* ReaderPaginationCore.js */; };
		A10000000000000000000014 /* PaginationSelfTestView.swift in Sources */ = {isa = PBXBuildFile; fileRef = A20000000000000000000016 /* PaginationSelfTestView.swift */; };
		A10000000000000000000015 /* manual_reader_content.css in Resources */ = {isa = PBXBuildFile; fileRef = A20000000000000000000017 /* manual_reader_content.css */; };
		A1000000000000000000000D /* Assets.xcassets in Resources */ = {isa = PBXBuildFile; fileRef = A2000000000000000000000D /* Assets.xcassets */; };
/* End PBXBuildFile section */

/* Begin PBXFileReference section */
		A20000000000000000000001 /* IPCAManualReaderApp.swift */ = {isa = PBXFileReference; lastKnownFileType = sourcecode.swift; path = IPCAManualReaderApp.swift; sourceTree = "<group>"; };
		A20000000000000000000002 /* ManualReaderModels.swift */ = {isa = PBXFileReference; lastKnownFileType = sourcecode.swift; path = ManualReaderModels.swift; sourceTree = "<group>"; };
		A20000000000000000000003 /* ManualReaderAPIClient.swift */ = {isa = PBXFileReference; lastKnownFileType = sourcecode.swift; path = ManualReaderAPIClient.swift; sourceTree = "<group>"; };
		A20000000000000000000004 /* ManualReaderSessionStore.swift */ = {isa = PBXFileReference; lastKnownFileType = sourcecode.swift; path = ManualReaderSessionStore.swift; sourceTree = "<group>"; };
		A20000000000000000000005 /* PageCache.swift */ = {isa = PBXFileReference; lastKnownFileType = sourcecode.swift; path = PageCache.swift; sourceTree = "<group>"; };
		A20000000000000000000006 /* ReaderViewModels.swift */ = {isa = PBXFileReference; lastKnownFileType = sourcecode.swift; path = ReaderViewModels.swift; sourceTree = "<group>"; };
		A20000000000000000000007 /* IPCAReaderTheme.swift */ = {isa = PBXFileReference; lastKnownFileType = sourcecode.swift; path = IPCAReaderTheme.swift; sourceTree = "<group>"; };
		A20000000000000000000008 /* ManualPageWebView.swift */ = {isa = PBXFileReference; lastKnownFileType = sourcecode.swift; path = ManualPageWebView.swift; sourceTree = "<group>"; };
		A20000000000000000000009 /* LoginView.swift */ = {isa = PBXFileReference; lastKnownFileType = sourcecode.swift; path = LoginView.swift; sourceTree = "<group>"; };
		A2000000000000000000000A /* LibraryView.swift */ = {isa = PBXFileReference; lastKnownFileType = sourcecode.swift; path = LibraryView.swift; sourceTree = "<group>"; };
		A2000000000000000000000B /* ReaderView.swift */ = {isa = PBXFileReference; lastKnownFileType = sourcecode.swift; path = ReaderView.swift; sourceTree = "<group>"; };
		A2000000000000000000000C /* ContentView.swift */ = {isa = PBXFileReference; lastKnownFileType = sourcecode.swift; path = ContentView.swift; sourceTree = "<group>"; };
		A20000000000000000000010 /* UIKitTextField.swift */ = {isa = PBXFileReference; lastKnownFileType = sourcecode.swift; path = UIKitTextField.swift; sourceTree = "<group>"; };
		A20000000000000000000011 /* LoginFormViewController.swift */ = {isa = PBXFileReference; lastKnownFileType = sourcecode.swift; path = LoginFormViewController.swift; sourceTree = "<group>"; };
		A20000000000000000000012 /* BookPageCurlView.swift */ = {isa = PBXFileReference; lastKnownFileType = sourcecode.swift; path = BookPageCurlView.swift; sourceTree = "<group>"; };
		A20000000000000000000013 /* HTMLPaginationEngine.swift */ = {isa = PBXFileReference; lastKnownFileType = sourcecode.swift; path = HTMLPaginationEngine.swift; sourceTree = "<group>"; };
		A20000000000000000000014 /* ReaderPaginationModels.swift */ = {isa = PBXFileReference; lastKnownFileType = sourcecode.swift; path = ReaderPaginationModels.swift; sourceTree = "<group>"; };
		A20000000000000000000015 /* ReaderPaginationCore.js */ = {isa = PBXFileReference; lastKnownFileType = sourcecode.javascript; path = ReaderPaginationCore.js; sourceTree = "<group>"; };
		A20000000000000000000016 /* PaginationSelfTestView.swift */ = {isa = PBXFileReference; lastKnownFileType = sourcecode.swift; path = PaginationSelfTestView.swift; sourceTree = "<group>"; };
		A20000000000000000000017 /* manual_reader_content.css */ = {isa = PBXFileReference; lastKnownFileType = text.css; path = ../public/assets/manual_reader_content.css; sourceTree = "<group>"; };
		A2000000000000000000000D /* Assets.xcassets */ = {isa = PBXFileReference; lastKnownFileType = folder.assetcatalog; path = Assets.xcassets; sourceTree = "<group>"; };
		A2000000000000000000000E /* Info.plist */ = {isa = PBXFileReference; lastKnownFileType = text.plist.xml; path = Info.plist; sourceTree = "<group>"; };
		A2000000000000000000000F /* IPCAManualReader.app */ = {isa = PBXFileReference; explicitFileType = wrapper.application; includeInIndex = 0; path = IPCAManualReader.app; sourceTree = BUILT_PRODUCTS_DIR; };
/* End PBXFileReference section */

/* Begin PBXFrameworksBuildPhase section */
		A30000000000000000000001 /* Frameworks */ = {
			isa = PBXFrameworksBuildPhase;
			buildActionMask = 2147483647;
			files = (
			);
			runOnlyForDeploymentPostprocessing = 0;
		};
/* End PBXFrameworksBuildPhase section */

/* Begin PBXGroup section */
		A40000000000000000000001 = {
			isa = PBXGroup;
			children = (
				A40000000000000000000002 /* IPCAManualReader */,
				A20000000000000000000017 /* manual_reader_content.css */,
				A40000000000000000000003 /* Products */,
			);
			sourceTree = "<group>";
		};
		A40000000000000000000002 /* IPCAManualReader */ = {
			isa = PBXGroup;
			children = (
				A20000000000000000000001 /* IPCAManualReaderApp.swift */,
				A40000000000000000000004 /* Models */,
				A40000000000000000000005 /* Services */,
				A40000000000000000000006 /* ViewModels */,
				A40000000000000000000007 /* Theme */,
				A40000000000000000000008 /* Views */,
				A2000000000000000000000D /* Assets.xcassets */,
				A2000000000000000000000E /* Info.plist */,
			);
			path = IPCAManualReader;
			sourceTree = "<group>";
		};
		A40000000000000000000003 /* Products */ = {
			isa = PBXGroup;
			children = (
				A2000000000000000000000F /* IPCAManualReader.app */,
			);
			name = Products;
			sourceTree = "<group>";
		};
		A40000000000000000000004 /* Models */ = {
			isa = PBXGroup;
			children = (
				A20000000000000000000002 /* ManualReaderModels.swift */,
				A20000000000000000000014 /* ReaderPaginationModels.swift */,
			);
			path = Models;
			sourceTree = "<group>";
		};
		A40000000000000000000005 /* Services */ = {
			isa = PBXGroup;
			children = (
				A20000000000000000000003 /* ManualReaderAPIClient.swift */,
				A20000000000000000000004 /* ManualReaderSessionStore.swift */,
				A20000000000000000000005 /* PageCache.swift */,
				A20000000000000000000013 /* HTMLPaginationEngine.swift */,
				A20000000000000000000015 /* ReaderPaginationCore.js */,
			);
			path = Services;
			sourceTree = "<group>";
		};
		A40000000000000000000006 /* ViewModels */ = {
			isa = PBXGroup;
			children = (
				A20000000000000000000006 /* ReaderViewModels.swift */,
			);
			path = ViewModels;
			sourceTree = "<group>";
		};
		A40000000000000000000007 /* Theme */ = {
			isa = PBXGroup;
			children = (
				A20000000000000000000007 /* IPCAReaderTheme.swift */,
			);
			path = Theme;
			sourceTree = "<group>";
		};
		A40000000000000000000008 /* Views */ = {
			isa = PBXGroup;
			children = (
				A2000000000000000000000C /* ContentView.swift */,
				A20000000000000000000009 /* LoginView.swift */,
				A20000000000000000000011 /* LoginFormViewController.swift */,
				A2000000000000000000000A /* LibraryView.swift */,
				A2000000000000000000000B /* ReaderView.swift */,
				A20000000000000000000012 /* BookPageCurlView.swift */,
				A20000000000000000000008 /* ManualPageWebView.swift */,
				A20000000000000000000016 /* PaginationSelfTestView.swift */,
				A20000000000000000000010 /* UIKitTextField.swift */,
			);
			path = Views;
			sourceTree = "<group>";
		};
/* End PBXGroup section */

/* Begin PBXNativeTarget section */
		A50000000000000000000001 /* IPCAManualReader */ = {
			isa = PBXNativeTarget;
			buildConfigurationList = A90000000000000000000002 /* Build configuration list for PBXNativeTarget "IPCAManualReader" */;
			buildPhases = (
				A70000000000000000000001 /* Sources */,
				A30000000000000000000001 /* Frameworks */,
				A80000000000000000000001 /* Resources */,
			);
			buildRules = (
			);
			dependencies = (
			);
			name = IPCAManualReader;
			productName = IPCAManualReader;
			productReference = A2000000000000000000000F /* IPCAManualReader.app */;
			productType = "com.apple.product-type.application";
		};
/* End PBXNativeTarget section */

/* Begin PBXProject section */
		A60000000000000000000001 /* Project object */ = {
			isa = PBXProject;
			attributes = {
				BuildIndependentTargetsInParallel = 1;
				LastSwiftUpdateCheck = 1500;
				LastUpgradeCheck = 1500;
				TargetAttributes = {
					A50000000000000000000001 = {
						CreatedOnToolsVersion = 15.0;
					};
				};
			};
			buildConfigurationList = A90000000000000000000001 /* Build configuration list for PBXProject "IPCAManualReader" */;
			compatibilityVersion = "Xcode 14.0";
			developmentRegion = en;
			hasScannedForEncodings = 0;
			knownRegions = (
				en,
				Base,
			);
			mainGroup = A40000000000000000000001;
			productRefGroup = A40000000000000000000003 /* Products */;
			projectDirPath = "";
			projectRoot = "";
			targets = (
				A50000000000000000000001 /* IPCAManualReader */,
			);
		};
/* End PBXProject section */

/* Begin PBXResourcesBuildPhase section */
		A80000000000000000000001 /* Resources */ = {
			isa = PBXResourcesBuildPhase;
			buildActionMask = 2147483647;
			files = (
				A1000000000000000000000D /* Assets.xcassets in Resources */,
				A10000000000000000000013 /* ReaderPaginationCore.js in Resources */,
				A10000000000000000000015 /* manual_reader_content.css in Resources */,
			);
			runOnlyForDeploymentPostprocessing = 0;
		};
/* End PBXResourcesBuildPhase section */

/* Begin PBXSourcesBuildPhase section */
		A70000000000000000000001 /* Sources */ = {
			isa = PBXSourcesBuildPhase;
			buildActionMask = 2147483647;
			files = (
				A10000000000000000000001 /* IPCAManualReaderApp.swift in Sources */,
				A10000000000000000000002 /* ManualReaderModels.swift in Sources */,
				A10000000000000000000003 /* ManualReaderAPIClient.swift in Sources */,
				A10000000000000000000004 /* ManualReaderSessionStore.swift in Sources */,
				A10000000000000000000005 /* PageCache.swift in Sources */,
				A10000000000000000000006 /* ReaderViewModels.swift in Sources */,
				A10000000000000000000007 /* IPCAReaderTheme.swift in Sources */,
				A10000000000000000000008 /* ManualPageWebView.swift in Sources */,
				A10000000000000000000009 /* LoginView.swift in Sources */,
				A1000000000000000000000A /* LibraryView.swift in Sources */,
				A1000000000000000000000B /* ReaderView.swift in Sources */,
				A1000000000000000000000C /* ContentView.swift in Sources */,
				A1000000000000000000000E /* UIKitTextField.swift in Sources */,
				A1000000000000000000000F /* LoginFormViewController.swift in Sources */,
				A10000000000000000000010 /* BookPageCurlView.swift in Sources */,
				A10000000000000000000011 /* HTMLPaginationEngine.swift in Sources */,
				A10000000000000000000012 /* ReaderPaginationModels.swift in Sources */,
				A10000000000000000000014 /* PaginationSelfTestView.swift in Sources */,
			);
			runOnlyForDeploymentPostprocessing = 0;
		};
/* End PBXSourcesBuildPhase section */

/* Begin XCBuildConfiguration section */
		AA0000000000000000000001 /* Debug */ = {
			isa = XCBuildConfiguration;
			buildSettings = {
				ALWAYS_SEARCH_USER_PATHS = NO;
				CLANG_ENABLE_MODULES = YES;
				CLANG_ENABLE_OBJC_ARC = YES;
				COPY_PHASE_STRIP = NO;
				DEBUG_INFORMATION_FORMAT = dwarf;
				ENABLE_TESTABILITY = YES;
				GCC_DYNAMIC_NO_PIC = NO;
				GCC_OPTIMIZATION_LEVEL = 0;
				GCC_PREPROCESSOR_DEFINITIONS = (
					"DEBUG=1",
					"$(inherited)",
				);
				IPHONEOS_DEPLOYMENT_TARGET = 17.0;
				MTL_ENABLE_DEBUG_INFO = INCLUDE_SOURCE;
				ONLY_ACTIVE_ARCH = YES;
				SDKROOT = iphoneos;
				SWIFT_ACTIVE_COMPILATION_CONDITIONS = DEBUG;
				SWIFT_OPTIMIZATION_LEVEL = "-Onone";
			};
			name = Debug;
		};
		AA0000000000000000000002 /* Release */ = {
			isa = XCBuildConfiguration;
			buildSettings = {
				ALWAYS_SEARCH_USER_PATHS = NO;
				CLANG_ENABLE_MODULES = YES;
				CLANG_ENABLE_OBJC_ARC = YES;
				COPY_PHASE_STRIP = NO;
				DEBUG_INFORMATION_FORMAT = "dwarf-with-dsym";
				IPHONEOS_DEPLOYMENT_TARGET = 17.0;
				MTL_ENABLE_DEBUG_INFO = NO;
				SDKROOT = iphoneos;
				SWIFT_COMPILATION_MODE = wholemodule;
				SWIFT_OPTIMIZATION_LEVEL = "-O";
				VALIDATE_PRODUCT = YES;
			};
			name = Release;
		};
		AA0000000000000000000003 /* Debug */ = {
			isa = XCBuildConfiguration;
			buildSettings = {
				ASSETCATALOG_COMPILER_APPICON_NAME = AppIcon;
				ASSETCATALOG_COMPILER_GLOBAL_ACCENT_COLOR_NAME = AccentColor;
				CODE_SIGN_STYLE = Automatic;
				CURRENT_PROJECT_VERSION = 1;
				DEVELOPMENT_TEAM = W9RY547Y4P;
				GENERATE_INFOPLIST_FILE = NO;
				INFOPLIST_FILE = IPCAManualReader/Info.plist;
				INFOPLIST_KEY_UIApplicationSupportsIndirectInputEvents = YES;
				INFOPLIST_KEY_UILaunchScreen_Generation = YES;
				INFOPLIST_KEY_UISupportedInterfaceOrientations_iPad = "UIInterfaceOrientationPortrait UIInterfaceOrientationPortraitUpsideDown UIInterfaceOrientationLandscapeLeft UIInterfaceOrientationLandscapeRight";
				LD_RUNPATH_SEARCH_PATHS = (
					"$(inherited)",
					"@executable_path/Frameworks",
				);
				MARKETING_VERSION = 1.0;
				PRODUCT_BUNDLE_IDENTIFIER = com.europilotcenter.IPCAManualReader;
				PRODUCT_NAME = "$(TARGET_NAME)";
				SUPPORTED_PLATFORMS = "iphoneos iphonesimulator";
				SUPPORTS_MACCATALYST = NO;
				SUPPORTS_MAC_DESIGNED_FOR_IPHONE_IPAD = NO;
				SWIFT_EMIT_LOC_STRINGS = YES;
				SWIFT_VERSION = 5.0;
				TARGETED_DEVICE_FAMILY = "1,2";
			};
			name = Debug;
		};
		AA0000000000000000000004 /* Release */ = {
			isa = XCBuildConfiguration;
			buildSettings = {
				ASSETCATALOG_COMPILER_APPICON_NAME = AppIcon;
				ASSETCATALOG_COMPILER_GLOBAL_ACCENT_COLOR_NAME = AccentColor;
				CODE_SIGN_STYLE = Automatic;
				CURRENT_PROJECT_VERSION = 1;
				DEVELOPMENT_TEAM = W9RY547Y4P;
				GENERATE_INFOPLIST_FILE = NO;
				INFOPLIST_FILE = IPCAManualReader/Info.plist;
				INFOPLIST_KEY_UIApplicationSupportsIndirectInputEvents = YES;
				INFOPLIST_KEY_UILaunchScreen_Generation = YES;
				INFOPLIST_KEY_UISupportedInterfaceOrientations_iPad = "UIInterfaceOrientationPortrait UIInterfaceOrientationPortraitUpsideDown UIInterfaceOrientationLandscapeLeft UIInterfaceOrientationLandscapeRight";
				LD_RUNPATH_SEARCH_PATHS = (
					"$(inherited)",
					"@executable_path/Frameworks",
				);
				MARKETING_VERSION = 1.0;
				PRODUCT_BUNDLE_IDENTIFIER = com.europilotcenter.IPCAManualReader;
				PRODUCT_NAME = "$(TARGET_NAME)";
				SUPPORTED_PLATFORMS = "iphoneos iphonesimulator";
				SUPPORTS_MACCATALYST = NO;
				SUPPORTS_MAC_DESIGNED_FOR_IPHONE_IPAD = NO;
				SWIFT_EMIT_LOC_STRINGS = YES;
				SWIFT_VERSION = 5.0;
				TARGETED_DEVICE_FAMILY = "1,2";
			};
			name = Release;
		};
/* End XCBuildConfiguration section */

/* Begin XCConfigurationList section */
		A90000000000000000000001 /* Build configuration list for PBXProject "IPCAManualReader" */ = {
			isa = XCConfigurationList;
			buildConfigurations = (
				AA0000000000000000000001 /* Debug */,
				AA0000000000000000000002 /* Release */,
			);
			defaultConfigurationIsVisible = 0;
			defaultConfigurationName = Release;
		};
		A90000000000000000000002 /* Build configuration list for PBXNativeTarget "IPCAManualReader" */ = {
			isa = XCConfigurationList;
			buildConfigurations = (
				AA0000000000000000000003 /* Debug */,
				AA0000000000000000000004 /* Release */,
			);
			defaultConfigurationIsVisible = 0;
			defaultConfigurationName = Release;
		};
/* End XCConfigurationList section */
	};
	rootObject = A60000000000000000000001 /* Project object */;
}
