// !$*UTF8*$!
{
	archiveVersion = 1;
	classes = {
	};
	objectVersion = 56;
	objects = {

/* Begin PBXBuildFile section */
		100000000000000000000001 /* IPCARecorderApp.swift in Sources */ = {isa = PBXBuildFile; fileRef = 200000000000000000000001 /* IPCARecorderApp.swift */; };
		100000000000000000000002 /* Recording.swift in Sources */ = {isa = PBXBuildFile; fileRef = 200000000000000000000002 /* Recording.swift */; };
		100000000000000000000003 /* SettingsStore.swift in Sources */ = {isa = PBXBuildFile; fileRef = 200000000000000000000003 /* SettingsStore.swift */; };
		100000000000000000000004 /* RecordingStore.swift in Sources */ = {isa = PBXBuildFile; fileRef = 200000000000000000000004 /* RecordingStore.swift */; };
		100000000000000000000005 /* APIClient.swift in Sources */ = {isa = PBXBuildFile; fileRef = 200000000000000000000005 /* APIClient.swift */; };
		100000000000000000000006 /* UploadManager.swift in Sources */ = {isa = PBXBuildFile; fileRef = 200000000000000000000006 /* UploadManager.swift */; };
		100000000000000000000007 /* AudioRecorderManager.swift in Sources */ = {isa = PBXBuildFile; fileRef = 200000000000000000000007 /* AudioRecorderManager.swift */; };
		100000000000000000000008 /* ContentView.swift in Sources */ = {isa = PBXBuildFile; fileRef = 200000000000000000000008 /* ContentView.swift */; };
		100000000000000000000009 /* LevelMeterView.swift in Sources */ = {isa = PBXBuildFile; fileRef = 200000000000000000000009 /* LevelMeterView.swift */; };
		10000000000000000000000A /* RecorderView.swift in Sources */ = {isa = PBXBuildFile; fileRef = 20000000000000000000000A /* RecorderView.swift */; };
		10000000000000000000000B /* RecordingsView.swift in Sources */ = {isa = PBXBuildFile; fileRef = 20000000000000000000000B /* RecordingsView.swift */; };
		10000000000000000000000C /* RecordingDetailView.swift in Sources */ = {isa = PBXBuildFile; fileRef = 20000000000000000000000C /* RecordingDetailView.swift */; };
		10000000000000000000000D /* SettingsView.swift in Sources */ = {isa = PBXBuildFile; fileRef = 20000000000000000000000D /* SettingsView.swift */; };
		10000000000000000000000E /* LaunchScreen.storyboard in Resources */ = {isa = PBXBuildFile; fileRef = 200000000000000000000010 /* LaunchScreen.storyboard */; };
		10000000000000000000000F /* AHRSBLEManager.swift in Sources */ = {isa = PBXBuildFile; fileRef = 200000000000000000000011 /* AHRSBLEManager.swift */; };
		100000000000000000000010 /* GPSLocationManager.swift in Sources */ = {isa = PBXBuildFile; fileRef = 200000000000000000000012 /* GPSLocationManager.swift */; };
		100000000000000000000011 /* IPCATheme.swift in Sources */ = {isa = PBXBuildFile; fileRef = 200000000000000000000013 /* IPCATheme.swift */; };
		100000000000000000000012 /* Assets.xcassets in Resources */ = {isa = PBXBuildFile; fileRef = 200000000000000000000014 /* Assets.xcassets */; };
		100000000000000000000013 /* AppGroupStorage.swift in Sources */ = {isa = PBXBuildFile; fileRef = 200000000000000000000020 /* AppGroupStorage.swift */; };
		100000000000000000000014 /* G3XFlightStreamParser.swift in Sources */ = {isa = PBXBuildFile; fileRef = 200000000000000000000021 /* G3XFlightStreamParser.swift */; };
		100000000000000000000015 /* G3XRecordingMatcher.swift in Sources */ = {isa = PBXBuildFile; fileRef = 200000000000000000000022 /* G3XRecordingMatcher.swift */; };
		100000000000000000000016 /* G3XDocumentImporter.swift in Sources */ = {isa = PBXBuildFile; fileRef = 200000000000000000000023 /* G3XDocumentImporter.swift */; };
		100000000000000000000017 /* ExternalGPSLogEntry.swift in Sources */ = {isa = PBXBuildFile; fileRef = 200000000000000000000029 /* ExternalGPSLogEntry.swift */; };
		100000000000000000000018 /* ExternalGPSExportService.swift in Sources */ = {isa = PBXBuildFile; fileRef = 20000000000000000000002A /* ExternalGPSExportService.swift */; };
		100000000000000000000019 /* ExternalGPSTestViewModel.swift in Sources */ = {isa = PBXBuildFile; fileRef = 20000000000000000000002B /* ExternalGPSTestViewModel.swift */; };
		10000000000000000000001A /* ExternalGPSTestView.swift in Sources */ = {isa = PBXBuildFile; fileRef = 20000000000000000000002C /* ExternalGPSTestView.swift */; };
		10000000000000000000001B /* AvionicsBeaconLogEntry.swift in Sources */ = {isa = PBXBuildFile; fileRef = 20000000000000000000002D /* AvionicsBeaconLogEntry.swift */; };
		10000000000000000000001C /* AvionicsBeaconExportService.swift in Sources */ = {isa = PBXBuildFile; fileRef = 20000000000000000000002E /* AvionicsBeaconExportService.swift */; };
		10000000000000000000001D /* AvionicsBeaconManager.swift in Sources */ = {isa = PBXBuildFile; fileRef = 20000000000000000000002F /* AvionicsBeaconManager.swift */; };
		10000000000000000000001E /* AvionicsBeaconTestViewModel.swift in Sources */ = {isa = PBXBuildFile; fileRef = 200000000000000000000030 /* AvionicsBeaconTestViewModel.swift */; };
		10000000000000000000001F /* AvionicsBeaconTestView.swift in Sources */ = {isa = PBXBuildFile; fileRef = 200000000000000000000031 /* AvionicsBeaconTestView.swift */; };
		100000000000000000000020 /* ShareViewController.swift in Sources */ = {isa = PBXBuildFile; fileRef = 200000000000000000000024 /* ShareViewController.swift */; };
		100000000000000000000021 /* ShareExtensionView.swift in Sources */ = {isa = PBXBuildFile; fileRef = 200000000000000000000025 /* ShareExtensionView.swift */; };
		100000000000000000000022 /* AppGroupStorage.swift in Sources */ = {isa = PBXBuildFile; fileRef = 200000000000000000000020 /* AppGroupStorage.swift */; };
		100000000000000000000023 /* G3XFlightStreamParser.swift in Sources */ = {isa = PBXBuildFile; fileRef = 200000000000000000000021 /* G3XFlightStreamParser.swift */; };
		100000000000000000000024 /* G3XRecordingMatcher.swift in Sources */ = {isa = PBXBuildFile; fileRef = 200000000000000000000022 /* G3XRecordingMatcher.swift */; };
		100000000000000000000030 /* IPCARecorderShare.appex in Embed Foundation Extensions */ = {isa = PBXBuildFile; fileRef = 200000000000000000000100 /* IPCARecorderShare.appex */; settings = {ATTRIBUTES = (RemoveHeadersOnCopy, ); }; };
/* End PBXBuildFile section */

/* Begin PBXContainerItemProxy section */
		B00000000000000000000002 /* PBXContainerItemProxy */ = {
			isa = PBXContainerItemProxy;
			containerPortal = 600000000000000000000001 /* Project object */;
			proxyType = 1;
			remoteGlobalIDString = 500000000000000000000002;
			remoteInfo = IPCARecorderShare;
		};
/* End PBXContainerItemProxy section */

/* Begin PBXCopyFilesBuildPhase section */
		C00000000000000000000001 /* Embed Foundation Extensions */ = {
			isa = PBXCopyFilesBuildPhase;
			buildActionMask = 2147483647;
			dstPath = "";
			dstSubfolderSpec = 13;
			files = (
				100000000000000000000030 /* IPCARecorderShare.appex in Embed Foundation Extensions */,
			);
			name = "Embed Foundation Extensions";
			runOnlyForDeploymentPostprocessing = 0;
		};
/* End PBXCopyFilesBuildPhase section */

/* Begin PBXFileReference section */
		200000000000000000000001 /* IPCARecorderApp.swift */ = {isa = PBXFileReference; lastKnownFileType = sourcecode.swift; path = IPCARecorderApp.swift; sourceTree = "<group>"; };
		200000000000000000000002 /* Recording.swift */ = {isa = PBXFileReference; lastKnownFileType = sourcecode.swift; path = Recording.swift; sourceTree = "<group>"; };
		200000000000000000000003 /* SettingsStore.swift */ = {isa = PBXFileReference; lastKnownFileType = sourcecode.swift; path = SettingsStore.swift; sourceTree = "<group>"; };
		200000000000000000000004 /* RecordingStore.swift */ = {isa = PBXFileReference; lastKnownFileType = sourcecode.swift; path = RecordingStore.swift; sourceTree = "<group>"; };
		200000000000000000000005 /* APIClient.swift */ = {isa = PBXFileReference; lastKnownFileType = sourcecode.swift; path = APIClient.swift; sourceTree = "<group>"; };
		200000000000000000000006 /* UploadManager.swift */ = {isa = PBXFileReference; lastKnownFileType = sourcecode.swift; path = UploadManager.swift; sourceTree = "<group>"; };
		200000000000000000000007 /* AudioRecorderManager.swift */ = {isa = PBXFileReference; lastKnownFileType = sourcecode.swift; path = AudioRecorderManager.swift; sourceTree = "<group>"; };
		200000000000000000000008 /* ContentView.swift */ = {isa = PBXFileReference; lastKnownFileType = sourcecode.swift; path = ContentView.swift; sourceTree = "<group>"; };
		200000000000000000000009 /* LevelMeterView.swift */ = {isa = PBXFileReference; lastKnownFileType = sourcecode.swift; path = LevelMeterView.swift; sourceTree = "<group>"; };
		20000000000000000000000A /* RecorderView.swift */ = {isa = PBXFileReference; lastKnownFileType = sourcecode.swift; path = RecorderView.swift; sourceTree = "<group>"; };
		20000000000000000000000B /* RecordingsView.swift */ = {isa = PBXFileReference; lastKnownFileType = sourcecode.swift; path = RecordingsView.swift; sourceTree = "<group>"; };
		20000000000000000000000C /* RecordingDetailView.swift */ = {isa = PBXFileReference; lastKnownFileType = sourcecode.swift; path = RecordingDetailView.swift; sourceTree = "<group>"; };
		20000000000000000000000D /* SettingsView.swift */ = {isa = PBXFileReference; lastKnownFileType = sourcecode.swift; path = SettingsView.swift; sourceTree = "<group>"; };
		20000000000000000000000E /* Info.plist */ = {isa = PBXFileReference; lastKnownFileType = text.plist.xml; path = Info.plist; sourceTree = "<group>"; };
		20000000000000000000000F /* IPCARecorder.app */ = {isa = PBXFileReference; explicitFileType = wrapper.application; includeInIndex = 0; path = IPCARecorder.app; sourceTree = BUILT_PRODUCTS_DIR; };
		200000000000000000000010 /* LaunchScreen.storyboard */ = {isa = PBXFileReference; lastKnownFileType = file.storyboard; path = LaunchScreen.storyboard; sourceTree = "<group>"; };
		200000000000000000000011 /* AHRSBLEManager.swift */ = {isa = PBXFileReference; lastKnownFileType = sourcecode.swift; path = AHRSBLEManager.swift; sourceTree = "<group>"; };
		200000000000000000000012 /* GPSLocationManager.swift */ = {isa = PBXFileReference; lastKnownFileType = sourcecode.swift; path = GPSLocationManager.swift; sourceTree = "<group>"; };
		200000000000000000000013 /* IPCATheme.swift */ = {isa = PBXFileReference; lastKnownFileType = sourcecode.swift; path = IPCATheme.swift; sourceTree = "<group>"; };
		200000000000000000000014 /* Assets.xcassets */ = {isa = PBXFileReference; lastKnownFileType = folder.assetcatalog; path = Assets.xcassets; sourceTree = "<group>"; };
		200000000000000000000020 /* AppGroupStorage.swift */ = {isa = PBXFileReference; lastKnownFileType = sourcecode.swift; path = AppGroupStorage.swift; sourceTree = "<group>"; };
		200000000000000000000021 /* G3XFlightStreamParser.swift */ = {isa = PBXFileReference; lastKnownFileType = sourcecode.swift; path = G3XFlightStreamParser.swift; sourceTree = "<group>"; };
		200000000000000000000022 /* G3XRecordingMatcher.swift */ = {isa = PBXFileReference; lastKnownFileType = sourcecode.swift; path = G3XRecordingMatcher.swift; sourceTree = "<group>"; };
		200000000000000000000023 /* G3XDocumentImporter.swift */ = {isa = PBXFileReference; lastKnownFileType = sourcecode.swift; path = G3XDocumentImporter.swift; sourceTree = "<group>"; };
		200000000000000000000024 /* ShareViewController.swift */ = {isa = PBXFileReference; lastKnownFileType = sourcecode.swift; path = ShareViewController.swift; sourceTree = "<group>"; };
		200000000000000000000025 /* ShareExtensionView.swift */ = {isa = PBXFileReference; lastKnownFileType = sourcecode.swift; path = ShareExtensionView.swift; sourceTree = "<group>"; };
		200000000000000000000026 /* Info.plist */ = {isa = PBXFileReference; lastKnownFileType = text.plist.xml; path = Info.plist; sourceTree = "<group>"; };
		200000000000000000000027 /* IPCARecorderShare.entitlements */ = {isa = PBXFileReference; lastKnownFileType = text.plist.entitlements; path = IPCARecorderShare.entitlements; sourceTree = "<group>"; };
		200000000000000000000028 /* IPCARecorder.entitlements */ = {isa = PBXFileReference; lastKnownFileType = text.plist.entitlements; path = IPCARecorder.entitlements; sourceTree = "<group>"; };
		200000000000000000000029 /* ExternalGPSLogEntry.swift */ = {isa = PBXFileReference; lastKnownFileType = sourcecode.swift; path = ExternalGPSLogEntry.swift; sourceTree = "<group>"; };
		20000000000000000000002A /* ExternalGPSExportService.swift */ = {isa = PBXFileReference; lastKnownFileType = sourcecode.swift; path = ExternalGPSExportService.swift; sourceTree = "<group>"; };
		20000000000000000000002B /* ExternalGPSTestViewModel.swift */ = {isa = PBXFileReference; lastKnownFileType = sourcecode.swift; path = ExternalGPSTestViewModel.swift; sourceTree = "<group>"; };
		20000000000000000000002C /* ExternalGPSTestView.swift */ = {isa = PBXFileReference; lastKnownFileType = sourcecode.swift; path = ExternalGPSTestView.swift; sourceTree = "<group>"; };
		20000000000000000000002D /* AvionicsBeaconLogEntry.swift */ = {isa = PBXFileReference; lastKnownFileType = sourcecode.swift; path = AvionicsBeaconLogEntry.swift; sourceTree = "<group>"; };
		20000000000000000000002E /* AvionicsBeaconExportService.swift */ = {isa = PBXFileReference; lastKnownFileType = sourcecode.swift; path = AvionicsBeaconExportService.swift; sourceTree = "<group>"; };
		20000000000000000000002F /* AvionicsBeaconManager.swift */ = {isa = PBXFileReference; lastKnownFileType = sourcecode.swift; path = AvionicsBeaconManager.swift; sourceTree = "<group>"; };
		200000000000000000000030 /* AvionicsBeaconTestViewModel.swift */ = {isa = PBXFileReference; lastKnownFileType = sourcecode.swift; path = AvionicsBeaconTestViewModel.swift; sourceTree = "<group>"; };
		200000000000000000000031 /* AvionicsBeaconTestView.swift */ = {isa = PBXFileReference; lastKnownFileType = sourcecode.swift; path = AvionicsBeaconTestView.swift; sourceTree = "<group>"; };
		200000000000000000000100 /* IPCARecorderShare.appex */ = {isa = PBXFileReference; explicitFileType = "wrapper.app-extension"; includeInIndex = 0; path = IPCARecorderShare.appex; sourceTree = BUILT_PRODUCTS_DIR; };
/* End PBXFileReference section */

/* Begin PBXFrameworksBuildPhase section */
		300000000000000000000001 /* Frameworks */ = {
			isa = PBXFrameworksBuildPhase;
			buildActionMask = 2147483647;
			files = (
			);
			runOnlyForDeploymentPostprocessing = 0;
		};
		300000000000000000000002 /* Frameworks */ = {
			isa = PBXFrameworksBuildPhase;
			buildActionMask = 2147483647;
			files = (
			);
			runOnlyForDeploymentPostprocessing = 0;
		};
/* End PBXFrameworksBuildPhase section */

/* Begin PBXGroup section */
		400000000000000000000001 = {
			isa = PBXGroup;
			children = (
				400000000000000000000002 /* IPCARecorder */,
				400000000000000000000007 /* IPCARecorderShare */,
				400000000000000000000006 /* Products */,
			);
			sourceTree = "<group>";
		};
		400000000000000000000002 /* IPCARecorder */ = {
			isa = PBXGroup;
			children = (
				200000000000000000000001 /* IPCARecorderApp.swift */,
				400000000000000000000003 /* Models */,
				400000000000000000000004 /* Services */,
				400000000000000000000005 /* Views */,
				400000000000000000000008 /* Shared */,
				200000000000000000000014 /* Assets.xcassets */,
				200000000000000000000010 /* LaunchScreen.storyboard */,
				20000000000000000000000E /* Info.plist */,
				200000000000000000000028 /* IPCARecorder.entitlements */,
			);
			path = IPCARecorder;
			sourceTree = "<group>";
		};
		400000000000000000000003 /* Models */ = {
			isa = PBXGroup;
			children = (
				20000000000000000000002D /* AvionicsBeaconLogEntry.swift */,
				200000000000000000000029 /* ExternalGPSLogEntry.swift */,
				200000000000000000000002 /* Recording.swift */,
			);
			path = Models;
			sourceTree = "<group>";
		};
		400000000000000000000004 /* Services */ = {
			isa = PBXGroup;
			children = (
				200000000000000000000011 /* AHRSBLEManager.swift */,
				20000000000000000000002F /* AvionicsBeaconManager.swift */,
				200000000000000000000007 /* AudioRecorderManager.swift */,
				200000000000000000000005 /* APIClient.swift */,
				20000000000000000000002E /* AvionicsBeaconExportService.swift */,
				200000000000000000000030 /* AvionicsBeaconTestViewModel.swift */,
				20000000000000000000002A /* ExternalGPSExportService.swift */,
				20000000000000000000002B /* ExternalGPSTestViewModel.swift */,
				200000000000000000000023 /* G3XDocumentImporter.swift */,
				200000000000000000000012 /* GPSLocationManager.swift */,
				200000000000000000000004 /* RecordingStore.swift */,
				200000000000000000000003 /* SettingsStore.swift */,
				200000000000000000000006 /* UploadManager.swift */,
			);
			path = Services;
			sourceTree = "<group>";
		};
		400000000000000000000005 /* Views */ = {
			isa = PBXGroup;
			children = (
				200000000000000000000031 /* AvionicsBeaconTestView.swift */,
				200000000000000000000008 /* ContentView.swift */,
				20000000000000000000002C /* ExternalGPSTestView.swift */,
				200000000000000000000013 /* IPCATheme.swift */,
				200000000000000000000009 /* LevelMeterView.swift */,
				20000000000000000000000C /* RecordingDetailView.swift */,
				20000000000000000000000B /* RecordingsView.swift */,
				20000000000000000000000A /* RecorderView.swift */,
				20000000000000000000000D /* SettingsView.swift */,
			);
			path = Views;
			sourceTree = "<group>";
		};
		400000000000000000000006 /* Products */ = {
			isa = PBXGroup;
			children = (
				20000000000000000000000F /* IPCARecorder.app */,
				200000000000000000000100 /* IPCARecorderShare.appex */,
			);
			name = Products;
			sourceTree = "<group>";
		};
		400000000000000000000007 /* IPCARecorderShare */ = {
			isa = PBXGroup;
			children = (
				200000000000000000000024 /* ShareViewController.swift */,
				200000000000000000000025 /* ShareExtensionView.swift */,
				200000000000000000000026 /* Info.plist */,
				200000000000000000000027 /* IPCARecorderShare.entitlements */,
			);
			path = IPCARecorderShare;
			sourceTree = "<group>";
		};
		400000000000000000000008 /* Shared */ = {
			isa = PBXGroup;
			children = (
				200000000000000000000020 /* AppGroupStorage.swift */,
				200000000000000000000021 /* G3XFlightStreamParser.swift */,
				200000000000000000000022 /* G3XRecordingMatcher.swift */,
			);
			path = Shared;
			sourceTree = "<group>";
		};
/* End PBXGroup section */

/* Begin PBXNativeTarget section */
		500000000000000000000001 /* IPCARecorder */ = {
			isa = PBXNativeTarget;
			buildConfigurationList = 900000000000000000000002 /* Build configuration list for PBXNativeTarget "IPCARecorder" */;
			buildPhases = (
				700000000000000000000001 /* Sources */,
				300000000000000000000001 /* Frameworks */,
				800000000000000000000001 /* Resources */,
				C00000000000000000000001 /* Embed Foundation Extensions */,
			);
			buildRules = (
			);
			dependencies = (
				B00000000000000000000001 /* PBXTargetDependency */,
			);
			name = IPCARecorder;
			productName = IPCARecorder;
			productReference = 20000000000000000000000F /* IPCARecorder.app */;
			productType = "com.apple.product-type.application";
		};
		500000000000000000000002 /* IPCARecorderShare */ = {
			isa = PBXNativeTarget;
			buildConfigurationList = 900000000000000000000003 /* Build configuration list for PBXNativeTarget "IPCARecorderShare" */;
			buildPhases = (
				700000000000000000000002 /* Sources */,
				300000000000000000000002 /* Frameworks */,
				800000000000000000000002 /* Resources */,
			);
			buildRules = (
			);
			dependencies = (
			);
			name = IPCARecorderShare;
			productName = IPCARecorderShare;
			productReference = 200000000000000000000100 /* IPCARecorderShare.appex */;
			productType = "com.apple.product-type.app-extension";
		};
/* End PBXNativeTarget section */

/* Begin PBXProject section */
		600000000000000000000001 /* Project object */ = {
			isa = PBXProject;
			attributes = {
				BuildIndependentTargetsInParallel = 1;
				LastSwiftUpdateCheck = 1600;
				LastUpgradeCheck = 2600;
				TargetAttributes = {
					500000000000000000000001 = {
						CreatedOnToolsVersion = 16.0;
					};
					500000000000000000000002 = {
						CreatedOnToolsVersion = 16.0;
					};
				};
			};
			buildConfigurationList = 900000000000000000000001 /* Build configuration list for PBXProject "IPCARecorder" */;
			compatibilityVersion = "Xcode 14.0";
			developmentRegion = en;
			hasScannedForEncodings = 0;
			knownRegions = (
				en,
				Base,
			);
			mainGroup = 400000000000000000000001;
			productRefGroup = 400000000000000000000006 /* Products */;
			projectDirPath = "";
			projectRoot = "";
			targets = (
				500000000000000000000001 /* IPCARecorder */,
				500000000000000000000002 /* IPCARecorderShare */,
			);
		};
/* End PBXProject section */

/* Begin PBXResourcesBuildPhase section */
		800000000000000000000001 /* Resources */ = {
			isa = PBXResourcesBuildPhase;
			buildActionMask = 2147483647;
			files = (
				100000000000000000000012 /* Assets.xcassets in Resources */,
				10000000000000000000000E /* LaunchScreen.storyboard in Resources */,
			);
			runOnlyForDeploymentPostprocessing = 0;
		};
		800000000000000000000002 /* Resources */ = {
			isa = PBXResourcesBuildPhase;
			buildActionMask = 2147483647;
			files = (
			);
			runOnlyForDeploymentPostprocessing = 0;
		};
/* End PBXResourcesBuildPhase section */

/* Begin PBXSourcesBuildPhase section */
		700000000000000000000001 /* Sources */ = {
			isa = PBXSourcesBuildPhase;
			buildActionMask = 2147483647;
			files = (
				100000000000000000000001 /* IPCARecorderApp.swift in Sources */,
				100000000000000000000002 /* Recording.swift in Sources */,
				100000000000000000000003 /* SettingsStore.swift in Sources */,
				100000000000000000000004 /* RecordingStore.swift in Sources */,
				100000000000000000000005 /* APIClient.swift in Sources */,
				10000000000000000000000F /* AHRSBLEManager.swift in Sources */,
				100000000000000000000010 /* GPSLocationManager.swift in Sources */,
				100000000000000000000006 /* UploadManager.swift in Sources */,
				100000000000000000000007 /* AudioRecorderManager.swift in Sources */,
				100000000000000000000008 /* ContentView.swift in Sources */,
				100000000000000000000009 /* LevelMeterView.swift in Sources */,
				10000000000000000000000A /* RecorderView.swift in Sources */,
				10000000000000000000000B /* RecordingsView.swift in Sources */,
				10000000000000000000000C /* RecordingDetailView.swift in Sources */,
				10000000000000000000000D /* SettingsView.swift in Sources */,
				100000000000000000000011 /* IPCATheme.swift in Sources */,
				100000000000000000000013 /* AppGroupStorage.swift in Sources */,
				100000000000000000000014 /* G3XFlightStreamParser.swift in Sources */,
				100000000000000000000015 /* G3XRecordingMatcher.swift in Sources */,
				100000000000000000000016 /* G3XDocumentImporter.swift in Sources */,
				100000000000000000000017 /* ExternalGPSLogEntry.swift in Sources */,
				100000000000000000000018 /* ExternalGPSExportService.swift in Sources */,
				100000000000000000000019 /* ExternalGPSTestViewModel.swift in Sources */,
				10000000000000000000001A /* ExternalGPSTestView.swift in Sources */,
				10000000000000000000001B /* AvionicsBeaconLogEntry.swift in Sources */,
				10000000000000000000001C /* AvionicsBeaconExportService.swift in Sources */,
				10000000000000000000001D /* AvionicsBeaconManager.swift in Sources */,
				10000000000000000000001E /* AvionicsBeaconTestViewModel.swift in Sources */,
				10000000000000000000001F /* AvionicsBeaconTestView.swift in Sources */,
			);
			runOnlyForDeploymentPostprocessing = 0;
		};
		700000000000000000000002 /* Sources */ = {
			isa = PBXSourcesBuildPhase;
			buildActionMask = 2147483647;
			files = (
				100000000000000000000020 /* ShareViewController.swift in Sources */,
				100000000000000000000021 /* ShareExtensionView.swift in Sources */,
				100000000000000000000022 /* AppGroupStorage.swift in Sources */,
				100000000000000000000023 /* G3XFlightStreamParser.swift in Sources */,
				100000000000000000000024 /* G3XRecordingMatcher.swift in Sources */,
			);
			runOnlyForDeploymentPostprocessing = 0;
		};
/* End PBXSourcesBuildPhase section */

/* Begin PBXTargetDependency section */
		B00000000000000000000001 /* PBXTargetDependency */ = {
			isa = PBXTargetDependency;
			target = 500000000000000000000002 /* IPCARecorderShare */;
			targetProxy = B00000000000000000000002 /* PBXContainerItemProxy */;
		};
/* End PBXTargetDependency section */

/* Begin XCBuildConfiguration section */
		A00000000000000000000001 /* Debug */ = {
			isa = XCBuildConfiguration;
			buildSettings = {
				ALWAYS_SEARCH_USER_PATHS = NO;
				CLANG_ANALYZER_NONNULL = YES;
				CLANG_ANALYZER_NUMBER_OBJECT_CONVERSION = YES_AGGRESSIVE;
				CLANG_CXX_LANGUAGE_STANDARD = "gnu++20";
				CLANG_ENABLE_MODULES = YES;
				CLANG_ENABLE_OBJC_ARC = YES;
				CLANG_ENABLE_OBJC_WEAK = YES;
				CLANG_WARN_BLOCK_CAPTURE_AUTORELEASING = YES;
				CLANG_WARN_BOOL_CONVERSION = YES;
				CLANG_WARN_COMMA = YES;
				CLANG_WARN_CONSTANT_CONVERSION = YES;
				CLANG_WARN_DEPRECATED_OBJC_IMPLEMENTATIONS = YES;
				CLANG_WARN_DIRECT_OBJC_ISA_USAGE = YES_ERROR;
				CLANG_WARN_DOCUMENTATION_COMMENTS = YES;
				CLANG_WARN_EMPTY_BODY = YES;
				CLANG_WARN_ENUM_CONVERSION = YES;
				CLANG_WARN_INFINITE_RECURSION = YES;
				CLANG_WARN_INT_CONVERSION = YES;
				CLANG_WARN_NON_LITERAL_NULL_CONVERSION = YES;
				CLANG_WARN_OBJC_IMPLICIT_RETAIN_SELF = YES;
				CLANG_WARN_OBJC_LITERAL_CONVERSION = YES;
				CLANG_WARN_OBJC_ROOT_CLASS = YES_ERROR;
				CLANG_WARN_QUOTED_INCLUDE_IN_FRAMEWORK_HEADER = YES;
				CLANG_WARN_RANGE_LOOP_ANALYSIS = YES;
				CLANG_WARN_STRICT_PROTOTYPES = YES;
				CLANG_WARN_SUSPICIOUS_MOVE = YES;
				CLANG_WARN_UNGUARDED_AVAILABILITY = YES_AGGRESSIVE;
				CLANG_WARN_UNREACHABLE_CODE = YES;
				CLANG_WARN__DUPLICATE_METHOD_MATCH = YES;
				COPY_PHASE_STRIP = NO;
				DEBUG_INFORMATION_FORMAT = dwarf;
				DEVELOPMENT_TEAM = W9RY547Y4P;
				ENABLE_STRICT_OBJC_MSGSEND = YES;
				ENABLE_TESTABILITY = YES;
				ENABLE_USER_SCRIPT_SANDBOXING = YES;
				GCC_C_LANGUAGE_STANDARD = gnu17;
				GCC_DYNAMIC_NO_PIC = NO;
				GCC_NO_COMMON_BLOCKS = YES;
				GCC_OPTIMIZATION_LEVEL = 0;
				GCC_PREPROCESSOR_DEFINITIONS = (
					"DEBUG=1",
					"$(inherited)",
				);
				GCC_WARN_64_TO_32_BIT_CONVERSION = YES;
				GCC_WARN_ABOUT_RETURN_TYPE = YES_ERROR;
				GCC_WARN_UNDECLARED_SELECTOR = YES;
				GCC_WARN_UNINITIALIZED_AUTOS = YES_AGGRESSIVE;
				GCC_WARN_UNUSED_FUNCTION = YES;
				GCC_WARN_UNUSED_VARIABLE = YES;
				IPHONEOS_DEPLOYMENT_TARGET = 17.0;
				MTL_ENABLE_DEBUG_INFO = INCLUDE_SOURCE;
				MTL_FAST_MATH = YES;
				ONLY_ACTIVE_ARCH = YES;
				SDKROOT = iphoneos;
				STRING_CATALOG_GENERATE_SYMBOLS = YES;
				SWIFT_ACTIVE_COMPILATION_CONDITIONS = DEBUG;
				SWIFT_OPTIMIZATION_LEVEL = "-Onone";
			};
			name = Debug;
		};
		A00000000000000000000002 /* Release */ = {
			isa = XCBuildConfiguration;
			buildSettings = {
				ALWAYS_SEARCH_USER_PATHS = NO;
				CLANG_ANALYZER_NONNULL = YES;
				CLANG_ANALYZER_NUMBER_OBJECT_CONVERSION = YES_AGGRESSIVE;
				CLANG_CXX_LANGUAGE_STANDARD = "gnu++20";
				CLANG_ENABLE_MODULES = YES;
				CLANG_ENABLE_OBJC_ARC = YES;
				CLANG_ENABLE_OBJC_WEAK = YES;
				CLANG_WARN_BLOCK_CAPTURE_AUTORELEASING = YES;
				CLANG_WARN_BOOL_CONVERSION = YES;
				CLANG_WARN_COMMA = YES;
				CLANG_WARN_CONSTANT_CONVERSION = YES;
				CLANG_WARN_DEPRECATED_OBJC_IMPLEMENTATIONS = YES;
				CLANG_WARN_DIRECT_OBJC_ISA_USAGE = YES_ERROR;
				CLANG_WARN_DOCUMENTATION_COMMENTS = YES;
				CLANG_WARN_EMPTY_BODY = YES;
				CLANG_WARN_ENUM_CONVERSION = YES;
				CLANG_WARN_INFINITE_RECURSION = YES;
				CLANG_WARN_INT_CONVERSION = YES;
				CLANG_WARN_NON_LITERAL_NULL_CONVERSION = YES;
				CLANG_WARN_OBJC_IMPLICIT_RETAIN_SELF = YES;
				CLANG_WARN_OBJC_LITERAL_CONVERSION = YES;
				CLANG_WARN_OBJC_ROOT_CLASS = YES_ERROR;
				CLANG_WARN_QUOTED_INCLUDE_IN_FRAMEWORK_HEADER = YES;
				CLANG_WARN_RANGE_LOOP_ANALYSIS = YES;
				CLANG_WARN_STRICT_PROTOTYPES = YES;
				CLANG_WARN_SUSPICIOUS_MOVE = YES;
				CLANG_WARN_UNGUARDED_AVAILABILITY = YES_AGGRESSIVE;
				CLANG_WARN_UNREACHABLE_CODE = YES;
				CLANG_WARN__DUPLICATE_METHOD_MATCH = YES;
				COPY_PHASE_STRIP = NO;
				DEBUG_INFORMATION_FORMAT = "dwarf-with-dsym";
				DEVELOPMENT_TEAM = W9RY547Y4P;
				ENABLE_NS_ASSERTIONS = NO;
				ENABLE_STRICT_OBJC_MSGSEND = YES;
				ENABLE_USER_SCRIPT_SANDBOXING = YES;
				GCC_C_LANGUAGE_STANDARD = gnu17;
				GCC_NO_COMMON_BLOCKS = YES;
				GCC_WARN_64_TO_32_BIT_CONVERSION = YES;
				GCC_WARN_ABOUT_RETURN_TYPE = YES_ERROR;
				GCC_WARN_UNDECLARED_SELECTOR = YES;
				GCC_WARN_UNINITIALIZED_AUTOS = YES_AGGRESSIVE;
				GCC_WARN_UNUSED_FUNCTION = YES;
				GCC_WARN_UNUSED_VARIABLE = YES;
				IPHONEOS_DEPLOYMENT_TARGET = 17.0;
				MTL_ENABLE_DEBUG_INFO = NO;
				MTL_FAST_MATH = YES;
				SDKROOT = iphoneos;
				STRING_CATALOG_GENERATE_SYMBOLS = YES;
				SWIFT_COMPILATION_MODE = wholemodule;
				VALIDATE_PRODUCT = YES;
			};
			name = Release;
		};
		A00000000000000000000003 /* Debug */ = {
			isa = XCBuildConfiguration;
			buildSettings = {
				ASSETCATALOG_COMPILER_APPICON_NAME = AppIcon;
				ASSETCATALOG_COMPILER_GLOBAL_ACCENT_COLOR_NAME = AccentColor;
				CODE_SIGN_ENTITLEMENTS = IPCARecorder/IPCARecorder.entitlements;
				CODE_SIGN_STYLE = Automatic;
				CURRENT_PROJECT_VERSION = 1;
				DEVELOPMENT_ASSET_PATHS = "";
				ENABLE_PREVIEWS = YES;
				GENERATE_INFOPLIST_FILE = NO;
				INFOPLIST_FILE = IPCARecorder/Info.plist;
				IPHONEOS_DEPLOYMENT_TARGET = 17.0;
				LD_RUNPATH_SEARCH_PATHS = (
					"$(inherited)",
					"@executable_path/Frameworks",
				);
				MARKETING_VERSION = 1.0;
				PRODUCT_BUNDLE_IDENTIFIER = com.ipca.cockpitrecorder.poc;
				PRODUCT_NAME = "$(TARGET_NAME)";
				SUPPORTED_PLATFORMS = "iphoneos iphonesimulator";
				SUPPORTS_MACCATALYST = NO;
				SUPPORTS_MAC_DESIGNED_FOR_IPHONE_IPAD = NO;
				SWIFT_EMIT_LOC_STRINGS = YES;
				SWIFT_VERSION = 5.0;
				TARGETED_DEVICE_FAMILY = 2;
			};
			name = Debug;
		};
		A00000000000000000000004 /* Release */ = {
			isa = XCBuildConfiguration;
			buildSettings = {
				ASSETCATALOG_COMPILER_APPICON_NAME = AppIcon;
				ASSETCATALOG_COMPILER_GLOBAL_ACCENT_COLOR_NAME = AccentColor;
				CODE_SIGN_ENTITLEMENTS = IPCARecorder/IPCARecorder.entitlements;
				CODE_SIGN_STYLE = Automatic;
				CURRENT_PROJECT_VERSION = 1;
				DEVELOPMENT_ASSET_PATHS = "";
				ENABLE_PREVIEWS = YES;
				GENERATE_INFOPLIST_FILE = NO;
				INFOPLIST_FILE = IPCARecorder/Info.plist;
				IPHONEOS_DEPLOYMENT_TARGET = 17.0;
				LD_RUNPATH_SEARCH_PATHS = (
					"$(inherited)",
					"@executable_path/Frameworks",
				);
				MARKETING_VERSION = 1.0;
				PRODUCT_BUNDLE_IDENTIFIER = com.ipca.cockpitrecorder.poc;
				PRODUCT_NAME = "$(TARGET_NAME)";
				SUPPORTED_PLATFORMS = "iphoneos iphonesimulator";
				SUPPORTS_MACCATALYST = NO;
				SUPPORTS_MAC_DESIGNED_FOR_IPHONE_IPAD = NO;
				SWIFT_EMIT_LOC_STRINGS = YES;
				SWIFT_VERSION = 5.0;
				TARGETED_DEVICE_FAMILY = 2;
			};
			name = Release;
		};
		A00000000000000000000005 /* Debug */ = {
			isa = XCBuildConfiguration;
			buildSettings = {
				CODE_SIGN_ENTITLEMENTS = IPCARecorderShare/IPCARecorderShare.entitlements;
				CODE_SIGN_STYLE = Automatic;
				CURRENT_PROJECT_VERSION = 1;
				GENERATE_INFOPLIST_FILE = NO;
				INFOPLIST_FILE = IPCARecorderShare/Info.plist;
				IPHONEOS_DEPLOYMENT_TARGET = 17.0;
				LD_RUNPATH_SEARCH_PATHS = (
					"$(inherited)",
					"@executable_path/Frameworks",
					"@executable_path/../../Frameworks",
				);
				MARKETING_VERSION = 1.0;
				PRODUCT_BUNDLE_IDENTIFIER = com.ipca.cockpitrecorder.poc.share;
				PRODUCT_NAME = "$(TARGET_NAME)";
				SKIP_INSTALL = YES;
				SUPPORTED_PLATFORMS = "iphoneos iphonesimulator";
				SWIFT_EMIT_LOC_STRINGS = YES;
				SWIFT_VERSION = 5.0;
				TARGETED_DEVICE_FAMILY = 2;
			};
			name = Debug;
		};
		A00000000000000000000006 /* Release */ = {
			isa = XCBuildConfiguration;
			buildSettings = {
				CODE_SIGN_ENTITLEMENTS = IPCARecorderShare/IPCARecorderShare.entitlements;
				CODE_SIGN_STYLE = Automatic;
				CURRENT_PROJECT_VERSION = 1;
				GENERATE_INFOPLIST_FILE = NO;
				INFOPLIST_FILE = IPCARecorderShare/Info.plist;
				IPHONEOS_DEPLOYMENT_TARGET = 17.0;
				LD_RUNPATH_SEARCH_PATHS = (
					"$(inherited)",
					"@executable_path/Frameworks",
					"@executable_path/../../Frameworks",
				);
				MARKETING_VERSION = 1.0;
				PRODUCT_BUNDLE_IDENTIFIER = com.ipca.cockpitrecorder.poc.share;
				PRODUCT_NAME = "$(TARGET_NAME)";
				SKIP_INSTALL = YES;
				SUPPORTED_PLATFORMS = "iphoneos iphonesimulator";
				SWIFT_EMIT_LOC_STRINGS = YES;
				SWIFT_VERSION = 5.0;
				TARGETED_DEVICE_FAMILY = 2;
			};
			name = Release;
		};
/* End XCBuildConfiguration section */

/* Begin XCConfigurationList section */
		900000000000000000000001 /* Build configuration list for PBXProject "IPCARecorder" */ = {
			isa = XCConfigurationList;
			buildConfigurations = (
				A00000000000000000000001 /* Debug */,
				A00000000000000000000002 /* Release */,
			);
			defaultConfigurationIsVisible = 0;
			defaultConfigurationName = Release;
		};
		900000000000000000000002 /* Build configuration list for PBXNativeTarget "IPCARecorder" */ = {
			isa = XCConfigurationList;
			buildConfigurations = (
				A00000000000000000000003 /* Debug */,
				A00000000000000000000004 /* Release */,
			);
			defaultConfigurationIsVisible = 0;
			defaultConfigurationName = Release;
		};
		900000000000000000000003 /* Build configuration list for PBXNativeTarget "IPCARecorderShare" */ = {
			isa = XCConfigurationList;
			buildConfigurations = (
				A00000000000000000000005 /* Debug */,
				A00000000000000000000006 /* Release */,
			);
			defaultConfigurationIsVisible = 0;
			defaultConfigurationName = Release;
		};
/* End XCConfigurationList section */
	};
	rootObject = 600000000000000000000001 /* Project object */;
}
